
Microsoft Visual Studio Solution File, Format Version 12.00
# Visual Studio Version 17
VisualStudioVersion = 17.0.31903.59
MinimumVisualStudioVersion = 10.0.40219.1
Project("{FAE04EC0-301F-11D3-BF4B-00C04F79EFBC}") = "WebhookGateway.API", "WebhookGateway.API\WebhookGateway.API.csproj", "{6AFBAB91-973A-446A-A945-2862938F2241}"
EndProject
Project("{2150E333-8FDC-42A3-9474-1A3956D46DE8}") = "Tools", "Tools", "{5FEAF494-CDB0-4CB9-9FF4-BC98726E4BEE}"
EndProject
Project("{FAE04EC0-301F-11D3-BF4B-00C04F79EFBC}") = "WebhookGateway.Receiver", "WebhookGateway.Receiver\WebhookGateway.Receiver.csproj", "{834B1680-6390-4856-903E-22FAE59A04AA}"
EndProject
Project("{FAE04EC0-301F-11D3-BF4B-00C04F79EFBC}") = "WebhookGateway.LoadGenerator", "WebhookGateway.LoadGenerator\WebhookGateway.LoadGenerator.csproj", "{919AE656-04F4-4953-9D61-83BD7CC71F8E}"
EndProject
Global
	GlobalSection(SolutionConfigurationPlatforms) = preSolution
		Debug|Any CPU = Debug|Any CPU
		Release|Any CPU = Release|Any CPU
	EndGlobalSection
	GlobalSection(SolutionProperties) = preSolution
		HideSolutionNode = FALSE
	EndGlobalSection
	GlobalSection(ProjectConfigurationPlatforms) = postSolution
		{6AFBAB91-973A-446A-A945-2862938F2241}.Debug|Any CPU.ActiveCfg = Debug|Any CPU
		{6AFBAB91-973A-446A-A945-2862938F2241}.Debug|Any CPU.Build.0 = Debug|Any CPU
		{6AFBAB91-973A-446A-A945-2862938F2241}.Release|Any CPU.ActiveCfg = Release|Any CPU
		{6AFBAB91-973A-446A-A945-2862938F2241}.Release|Any CPU.Build.0 = Release|Any CPU
		{834B1680-6390-4856-903E-22FAE59A04AA}.Debug|Any CPU.ActiveCfg = Debug|Any CPU
		{834B1680-6390-4856-903E-22FAE59A04AA}.Debug|Any CPU.Build.0 = Debug|Any CPU
		{834B1680-6390-4856-903E-22FAE59A04AA}.Release|Any CPU.ActiveCfg = Release|Any CPU
		{834B1680-6390-4856-903E-22FAE59A04AA}.Release|Any CPU.Build.0 = Release|Any CPU
		{919AE656-04F4-4953-9D61-83BD7CC71F8E}.Debug|Any CPU.ActiveCfg = Debug|Any CPU
		{919AE656-04F4-4953-9D61-83BD7CC71F8E}.Debug|Any CPU.Build.0 = Debug|Any CPU
		{919AE656-04F4-4953-9D61-83BD7CC71F8E}.Release|Any CPU.ActiveCfg = Release|Any CPU
		{919AE656-04F4-4953-9D61-83BD7CC71F8E}.Release|Any CPU.Build.0 = Release|Any CPU
	EndGlobalSection
	GlobalSection(NestedProjects) = preSolution
		{834B1680-6390-4856-903E-22FAE59A04AA} = {5FEAF494-CDB0-4CB9-9FF4-BC98726E4BEE}
		{919AE656-04F4-4953-9D61-83BD7CC71F8E} = {5FEAF494-CDB0-4CB9-9FF4-BC98726E4BEE}
	EndGlobalSection
EndGlobal
